
Microsoft Visual Studio Solution File, Format Version 12.00
# Visual Studio 15
VisualStudioVersion = 15.0.27004.2008
MinimumVisualStudioVersion = 10.0.40219.1
Project("{FAE04EC0-301F-11D3-BF4B-00C04F79EFBC}") = "StartupDemo", "StartupDemo\StartupDemo.csproj", "{0A6AEEA2-995E-4FC6-8192-BEA5AE50439D}"
EndProject
Global
	GlobalSection(SolutionConfigurationPlatforms) = preSolution
		Debug|Any CPU = Debug|Any CPU
		Release|Any CPU = Release|Any CPU
	EndGlobalSection
	GlobalSection(ProjectConfigurationPlatforms) = postSolution
		{0A6AEEA2-995E-4FC6-8192-BEA5AE50439D}.Debug|Any CPU.ActiveCfg = Debug|Any CPU
		{0A6AEEA2-995E-4FC6-8192-BEA5AE50439D}.Debug|Any CPU.Build.0 = Debug|Any CPU
		{0A6AEEA2-995E-4FC6-8192-BEA5AE50439D}.Release|Any CPU.ActiveCfg = Release|Any CPU
		{0A6AEEA2-995E-4FC6-8192-BEA5AE50439D}.Release|Any CPU.Build.0 = Release|Any CPU
	EndGlobalSection
	GlobalSection(SolutionProperties) = preSolution
		HideSolutionNode = FALSE
	EndGlobalSection
	GlobalSection(ExtensibilityGlobals) = postSolution
		SolutionGuid = {5EAF1808-A412-4154-9D3D-D573FCBD1F5F}
	EndGlobalSection
EndGlobal
